<Solution>
  <Configurations>
    <Platform Name="ARM64" />
    <Platform Name="x64" />
  </Configurations>
  <Project Path="../FilesystemMinifilterMonitoringService/FilesystemMinifilterMonitoringService.vcxproj" Id="ea3d78b4-bed5-4767-8161-ad0aa5f605a1">
    <Platform Project="x64" />
  </Project>
  <Project Path="FilesystemMinifilter.vcxproj">
    <Deploy />
  </Project>
</Solution>
